# This file is automatically @generated by Cargo.
# It is not intended for manual editing.
[[package]]
name = "arrayref"
version = "0.3.5"
source = "registry+https://github.com/rust-lang/crates.io-index"

[[package]]
name = "arrayvec"
version = "0.4.11"
source = "registry+https://github.com/rust-lang/crates.io-index"
dependencies = [
 "nodrop 0.1.13 (registry+https://github.com/rust-lang/crates.io-index)",
]

[[package]]
name = "autocfg"
version = "0.1.6"
source = "registry+https://github.com/rust-lang/crates.io-index"

[[package]]
name = "backtrace"
version = "0.3.38"
source = "registry+https://github.com/rust-lang/crates.io-index"
dependencies = [
 "backtrace-sys 0.1.31 (registry+https://github.com/rust-lang/crates.io-index)",
 "cfg-if 0.1.10 (registry+https://github.com/rust-lang/crates.io-index)",
 "libc 0.2.62 (registry+https://github.com/rust-lang/crates.io-index)",
 "rustc-demangle 0.1.16 (registry+https://github.com/rust-lang/crates.io-index)",
]

[[package]]
name = "backtrace-sys"
version = "0.1.31"
source = "registry+https://github.com/rust-lang/crates.io-index"
dependencies = [
 "cc 1.0.41 (registry+https://github.com/rust-lang/crates.io-index)",
 "libc 0.2.62 (registry+https://github.com/rust-lang/crates.io-index)",
]

[[package]]
name = "base58"
version = "0.1.0"
source = "registry+https://github.com/rust-lang/crates.io-index"

[[package]]
name = "base64"
version = "0.9.3"
source = "registry+https://github.com/rust-lang/crates.io-index"
dependencies = [
 "byteorder 1.3.2 (registry+https://github.com/rust-lang/crates.io-index)",
 "safemem 0.3.2 (registry+https://github.com/rust-lang/crates.io-index)",
]

[[package]]
name = "base64"
version = "0.10.1"
source = "registry+https://github.com/rust-lang/crates.io-index"
dependencies = [
 "byteorder 1.3.2 (registry+https://github.com/rust-lang/crates.io-index)",
]

[[package]]
name = "bech32"
version = "0.7.1"
source = "registry+https://github.com/rust-lang/crates.io-index"

[[package]]
name = "bitcoin"
version = "0.21.0"
source = "git+https://github.com/provable-things/rust-bitcoin.git?branch=provable-additions#cbc40408ffb6ef6efc0e6b859a0c84a66b56816a"
dependencies = [
 "bech32 0.7.1 (registry+https://github.com/rust-lang/crates.io-index)",
 "bitcoin_hashes 0.7.0 (registry+https://github.com/rust-lang/crates.io-index)",
 "byteorder 1.3.2 (registry+https://github.com/rust-lang/crates.io-index)",
 "hex 0.3.2 (registry+https://github.com/rust-lang/crates.io-index)",
 "secp256k1 0.15.0 (registry+https://github.com/rust-lang/crates.io-index)",
]

[[package]]
name = "bitcoin_hashes"
version = "0.7.0"
source = "registry+https://github.com/rust-lang/crates.io-index"
dependencies = [
 "byteorder 1.3.2 (registry+https://github.com/rust-lang/crates.io-index)",
 "serde 1.0.101 (registry+https://github.com/rust-lang/crates.io-index)",
]

[[package]]
name = "bitflags"
version = "1.2.0"
source = "registry+https://github.com/rust-lang/crates.io-index"

[[package]]
name = "bitvec"
version = "0.14.0"
source = "registry+https://github.com/rust-lang/crates.io-index"

[[package]]
name = "blake2b_simd"
version = "0.5.8"
source = "registry+https://github.com/rust-lang/crates.io-index"
dependencies = [
 "arrayref 0.3.5 (registry+https://github.com/rust-lang/crates.io-index)",
 "arrayvec 0.4.11 (registry+https://github.com/rust-lang/crates.io-index)",
 "constant_time_eq 0.1.4 (registry+https://github.com/rust-lang/crates.io-index)",
]

[[package]]
name = "block-buffer"
version = "0.3.3"
source = "registry+https://github.com/rust-lang/crates.io-index"
dependencies = [
 "arrayref 0.3.5 (registry+https://github.com/rust-lang/crates.io-index)",
 "byte-tools 0.2.0 (registry+https://github.com/rust-lang/crates.io-index)",
]

[[package]]
name = "byte-slice-cast"
version = "0.3.2"
source = "registry+https://github.com/rust-lang/crates.io-index"

[[package]]
name = "byte-tools"
version = "0.2.0"
source = "registry+https://github.com/rust-lang/crates.io-index"

[[package]]
name = "byteorder"
version = "1.3.2"
source = "registry+https://github.com/rust-lang/crates.io-index"

[[package]]
name = "c2-chacha"
version = "0.2.2"
source = "registry+https://github.com/rust-lang/crates.io-index"
dependencies = [
 "lazy_static 1.4.0 (registry+https://github.com/rust-lang/crates.io-index)",
 "ppv-lite86 0.2.5 (registry+https://github.com/rust-lang/crates.io-index)",
]

[[package]]
name = "cc"
version = "1.0.41"
source = "registry+https://github.com/rust-lang/crates.io-index"

[[package]]
name = "cfg-if"
version = "0.1.10"
source = "registry+https://github.com/rust-lang/crates.io-index"

[[package]]
name = "chrono"
version = "0.4.9"
source = "registry+https://github.com/rust-lang/crates.io-index"
dependencies = [
 "libc 0.2.62 (registry+https://github.com/rust-lang/crates.io-index)",
 "num-integer 0.1.41 (registry+https://github.com/rust-lang/crates.io-index)",
 "num-traits 0.2.8 (registry+https://github.com/rust-lang/crates.io-index)",
 "time 0.1.42 (registry+https://github.com/rust-lang/crates.io-index)",
]

[[package]]
name = "cloudabi"
version = "0.0.3"
source = "registry+https://github.com/rust-lang/crates.io-index"
dependencies = [
 "bitflags 1.2.0 (registry+https://github.com/rust-lang/crates.io-index)",
]

[[package]]
name = "constant_time_eq"
version = "0.1.4"
source = "registry+https://github.com/rust-lang/crates.io-index"

[[package]]
name = "crossbeam-utils"
version = "0.6.6"
source = "registry+https://github.com/rust-lang/crates.io-index"
dependencies = [
 "cfg-if 0.1.10 (registry+https://github.com/rust-lang/crates.io-index)",
 "lazy_static 1.4.0 (registry+https://github.com/rust-lang/crates.io-index)",
]

[[package]]
name = "crunchy"
version = "0.2.2"
source = "registry+https://github.com/rust-lang/crates.io-index"

[[package]]
name = "crypto-mac"
version = "0.5.2"
source = "registry+https://github.com/rust-lang/crates.io-index"
dependencies = [
 "constant_time_eq 0.1.4 (registry+https://github.com/rust-lang/crates.io-index)",
 "generic-array 0.9.0 (registry+https://github.com/rust-lang/crates.io-index)",
]

[[package]]
name = "digest"
version = "0.7.6"
source = "registry+https://github.com/rust-lang/crates.io-index"
dependencies = [
 "generic-array 0.9.0 (registry+https://github.com/rust-lang/crates.io-index)",
]

[[package]]
name = "dirs"
version = "2.0.2"
source = "registry+https://github.com/rust-lang/crates.io-index"
dependencies = [
 "cfg-if 0.1.10 (registry+https://github.com/rust-lang/crates.io-index)",
 "dirs-sys 0.3.4 (registry+https://github.com/rust-lang/crates.io-index)",
]

[[package]]
name = "dirs-sys"
version = "0.3.4"
source = "registry+https://github.com/rust-lang/crates.io-index"
dependencies = [
 "cfg-if 0.1.10 (registry+https://github.com/rust-lang/crates.io-index)",
 "libc 0.2.62 (registry+https://github.com/rust-lang/crates.io-index)",
 "redox_users 0.3.1 (registry+https://github.com/rust-lang/crates.io-index)",
 "winapi 0.3.8 (registry+https://github.com/rust-lang/crates.io-index)",
]

[[package]]
name = "ethbloom"
version = "0.7.0"
source = "registry+https://github.com/rust-lang/crates.io-index"
dependencies = [
 "crunchy 0.2.2 (registry+https://github.com/rust-lang/crates.io-index)",
 "fixed-hash 0.4.0 (registry+https://github.com/rust-lang/crates.io-index)",
 "impl-rlp 0.2.0 (registry+https://github.com/rust-lang/crates.io-index)",
 "impl-serde 0.2.1 (registry+https://github.com/rust-lang/crates.io-index)",
 "tiny-keccak 1.5.0 (registry+https://github.com/rust-lang/crates.io-index)",
]

[[package]]
name = "ethereum-types"
version = "0.7.0"
source = "registry+https://github.com/rust-lang/crates.io-index"
dependencies = [
 "ethbloom 0.7.0 (registry+https://github.com/rust-lang/crates.io-index)",
 "fixed-hash 0.4.0 (registry+https://github.com/rust-lang/crates.io-index)",
 "impl-rlp 0.2.0 (registry+https://github.com/rust-lang/crates.io-index)",
 "impl-serde 0.2.1 (registry+https://github.com/rust-lang/crates.io-index)",
 "primitive-types 0.5.1 (registry+https://github.com/rust-lang/crates.io-index)",
 "uint 0.8.1 (registry+https://github.com/rust-lang/crates.io-index)",
]

[[package]]
name = "failure"
version = "0.1.5"
source = "registry+https://github.com/rust-lang/crates.io-index"
dependencies = [
 "backtrace 0.3.38 (registry+https://github.com/rust-lang/crates.io-index)",
 "failure_derive 0.1.5 (registry+https://github.com/rust-lang/crates.io-index)",
]

[[package]]
name = "failure_derive"
version = "0.1.5"
source = "registry+https://github.com/rust-lang/crates.io-index"
dependencies = [
 "proc-macro2 0.4.30 (registry+https://github.com/rust-lang/crates.io-index)",
 "quote 0.6.13 (registry+https://github.com/rust-lang/crates.io-index)",
 "syn 0.15.44 (registry+https://github.com/rust-lang/crates.io-index)",
 "synstructure 0.10.2 (registry+https://github.com/rust-lang/crates.io-index)",
]

[[package]]
name = "fake-simd"
version = "0.1.2"
source = "registry+https://github.com/rust-lang/crates.io-index"

[[package]]
name = "fixed-hash"
version = "0.4.0"
source = "registry+https://github.com/rust-lang/crates.io-index"
dependencies = [
 "byteorder 1.3.2 (registry+https://github.com/rust-lang/crates.io-index)",
 "rand 0.5.6 (registry+https://github.com/rust-lang/crates.io-index)",
 "rustc-hex 2.0.1 (registry+https://github.com/rust-lang/crates.io-index)",
 "static_assertions 0.2.5 (registry+https://github.com/rust-lang/crates.io-index)",
]

[[package]]
name = "fuchsia-cprng"
version = "0.1.1"
source = "registry+https://github.com/rust-lang/crates.io-index"

[[package]]
name = "generic-array"
version = "0.9.0"
source = "registry+https://github.com/rust-lang/crates.io-index"
dependencies = [
 "typenum 1.11.2 (registry+https://github.com/rust-lang/crates.io-index)",
]

[[package]]
name = "getrandom"
version = "0.1.12"
source = "registry+https://github.com/rust-lang/crates.io-index"
dependencies = [
 "cfg-if 0.1.10 (registry+https://github.com/rust-lang/crates.io-index)",
 "libc 0.2.62 (registry+https://github.com/rust-lang/crates.io-index)",
 "wasi 0.7.0 (registry+https://github.com/rust-lang/crates.io-index)",
]

[[package]]
name = "hex"
version = "0.3.2"
source = "registry+https://github.com/rust-lang/crates.io-index"

[[package]]
name = "hex"
version = "0.4.0"
source = "registry+https://github.com/rust-lang/crates.io-index"

[[package]]
name = "hmac"
version = "0.5.0"
source = "registry+https://github.com/rust-lang/crates.io-index"
dependencies = [
 "crypto-mac 0.5.2 (registry+https://github.com/rust-lang/crates.io-index)",
 "digest 0.7.6 (registry+https://github.com/rust-lang/crates.io-index)",
]

[[package]]
name = "impl-codec"
version = "0.4.1"
source = "registry+https://github.com/rust-lang/crates.io-index"
dependencies = [
 "parity-scale-codec 1.0.6 (registry+https://github.com/rust-lang/crates.io-index)",
]

[[package]]
name = "impl-rlp"
version = "0.2.0"
source = "registry+https://github.com/rust-lang/crates.io-index"
dependencies = [
 "rlp 0.4.2 (registry+https://github.com/rust-lang/crates.io-index)",
]

[[package]]
name = "impl-serde"
version = "0.2.1"
source = "registry+https://github.com/rust-lang/crates.io-index"
dependencies = [
 "serde 1.0.101 (registry+https://github.com/rust-lang/crates.io-index)",
]

[[package]]
name = "itoa"
version = "0.4.4"
source = "registry+https://github.com/rust-lang/crates.io-index"

[[package]]
name = "lazy_static"
version = "1.4.0"
source = "registry+https://github.com/rust-lang/crates.io-index"

[[package]]
name = "libc"
version = "0.2.62"
source = "registry+https://github.com/rust-lang/crates.io-index"

[[package]]
name = "log"
version = "0.4.8"
source = "registry+https://github.com/rust-lang/crates.io-index"
dependencies = [
 "cfg-if 0.1.10 (registry+https://github.com/rust-lang/crates.io-index)",
]

[[package]]
name = "nodrop"
version = "0.1.13"
source = "registry+https://github.com/rust-lang/crates.io-index"

[[package]]
name = "num-integer"
version = "0.1.41"
source = "registry+https://github.com/rust-lang/crates.io-index"
dependencies = [
 "autocfg 0.1.6 (registry+https://github.com/rust-lang/crates.io-index)",
 "num-traits 0.2.8 (registry+https://github.com/rust-lang/crates.io-index)",
]

[[package]]
name = "num-traits"
version = "0.2.8"
source = "registry+https://github.com/rust-lang/crates.io-index"
dependencies = [
 "autocfg 0.1.6 (registry+https://github.com/rust-lang/crates.io-index)",
]

[[package]]
name = "parity-scale-codec"
version = "1.0.6"
source = "registry+https://github.com/rust-lang/crates.io-index"
dependencies = [
 "arrayvec 0.4.11 (registry+https://github.com/rust-lang/crates.io-index)",
 "bitvec 0.14.0 (registry+https://github.com/rust-lang/crates.io-index)",
 "byte-slice-cast 0.3.2 (registry+https://github.com/rust-lang/crates.io-index)",
 "serde 1.0.101 (registry+https://github.com/rust-lang/crates.io-index)",
]

[[package]]
name = "pbtc_core"
version = "0.1.0"
dependencies = [
 "base58 0.1.0 (registry+https://github.com/rust-lang/crates.io-index)",
 "bitcoin 0.21.0 (git+https://github.com/provable-things/rust-bitcoin.git?branch=provable-additions)",
 "bitcoin_hashes 0.7.0 (registry+https://github.com/rust-lang/crates.io-index)",
 "byteorder 1.3.2 (registry+https://github.com/rust-lang/crates.io-index)",
 "chrono 0.4.9 (registry+https://github.com/rust-lang/crates.io-index)",
 "ethereum-types 0.7.0 (registry+https://github.com/rust-lang/crates.io-index)",
 "hex 0.4.0 (registry+https://github.com/rust-lang/crates.io-index)",
 "lazy_static 1.4.0 (registry+https://github.com/rust-lang/crates.io-index)",
 "log 0.4.8 (registry+https://github.com/rust-lang/crates.io-index)",
 "rand 0.7.2 (registry+https://github.com/rust-lang/crates.io-index)",
 "rlp 0.4.2 (registry+https://github.com/rust-lang/crates.io-index)",
 "rustc-hex 2.0.1 (registry+https://github.com/rust-lang/crates.io-index)",
 "secp256k1 0.15.0 (registry+https://github.com/rust-lang/crates.io-index)",
 "serde 1.0.101 (registry+https://github.com/rust-lang/crates.io-index)",
 "serde_derive 1.0.101 (registry+https://github.com/rust-lang/crates.io-index)",
 "serde_json 1.0.40 (registry+https://github.com/rust-lang/crates.io-index)",
 "sha256 0.1.0 (registry+https://github.com/rust-lang/crates.io-index)",
 "simplelog 0.7.3 (registry+https://github.com/rust-lang/crates.io-index)",
 "tiny-keccak 1.5.0 (registry+https://github.com/rust-lang/crates.io-index)",
]

[[package]]
name = "ppv-lite86"
version = "0.2.5"
source = "registry+https://github.com/rust-lang/crates.io-index"

[[package]]
name = "primitive-types"
version = "0.5.1"
source = "registry+https://github.com/rust-lang/crates.io-index"
dependencies = [
 "fixed-hash 0.4.0 (registry+https://github.com/rust-lang/crates.io-index)",
 "impl-codec 0.4.1 (registry+https://github.com/rust-lang/crates.io-index)",
 "impl-rlp 0.2.0 (registry+https://github.com/rust-lang/crates.io-index)",
 "impl-serde 0.2.1 (registry+https://github.com/rust-lang/crates.io-index)",
 "uint 0.8.1 (registry+https://github.com/rust-lang/crates.io-index)",
]

[[package]]
name = "proc-macro2"
version = "0.4.30"
source = "registry+https://github.com/rust-lang/crates.io-index"
dependencies = [
 "unicode-xid 0.1.0 (registry+https://github.com/rust-lang/crates.io-index)",
]

[[package]]
name = "proc-macro2"
version = "1.0.4"
source = "registry+https://github.com/rust-lang/crates.io-index"
dependencies = [
 "unicode-xid 0.2.0 (registry+https://github.com/rust-lang/crates.io-index)",
]

[[package]]
name = "quote"
version = "0.6.13"
source = "registry+https://github.com/rust-lang/crates.io-index"
dependencies = [
 "proc-macro2 0.4.30 (registry+https://github.com/rust-lang/crates.io-index)",
]

[[package]]
name = "quote"
version = "1.0.2"
source = "registry+https://github.com/rust-lang/crates.io-index"
dependencies = [
 "proc-macro2 1.0.4 (registry+https://github.com/rust-lang/crates.io-index)",
]

[[package]]
name = "rand"
version = "0.5.6"
source = "registry+https://github.com/rust-lang/crates.io-index"
dependencies = [
 "cloudabi 0.0.3 (registry+https://github.com/rust-lang/crates.io-index)",
 "fuchsia-cprng 0.1.1 (registry+https://github.com/rust-lang/crates.io-index)",
 "libc 0.2.62 (registry+https://github.com/rust-lang/crates.io-index)",
 "rand_core 0.3.1 (registry+https://github.com/rust-lang/crates.io-index)",
 "winapi 0.3.8 (registry+https://github.com/rust-lang/crates.io-index)",
]

[[package]]
name = "rand"
version = "0.7.2"
source = "registry+https://github.com/rust-lang/crates.io-index"
dependencies = [
 "getrandom 0.1.12 (registry+https://github.com/rust-lang/crates.io-index)",
 "libc 0.2.62 (registry+https://github.com/rust-lang/crates.io-index)",
 "rand_chacha 0.2.1 (registry+https://github.com/rust-lang/crates.io-index)",
 "rand_core 0.5.1 (registry+https://github.com/rust-lang/crates.io-index)",
 "rand_hc 0.2.0 (registry+https://github.com/rust-lang/crates.io-index)",
]

[[package]]
name = "rand_chacha"
version = "0.2.1"
source = "registry+https://github.com/rust-lang/crates.io-index"
dependencies = [
 "c2-chacha 0.2.2 (registry+https://github.com/rust-lang/crates.io-index)",
 "rand_core 0.5.1 (registry+https://github.com/rust-lang/crates.io-index)",
]

[[package]]
name = "rand_core"
version = "0.3.1"
source = "registry+https://github.com/rust-lang/crates.io-index"
dependencies = [
 "rand_core 0.4.2 (registry+https://github.com/rust-lang/crates.io-index)",
]

[[package]]
name = "rand_core"
version = "0.4.2"
source = "registry+https://github.com/rust-lang/crates.io-index"

[[package]]
name = "rand_core"
version = "0.5.1"
source = "registry+https://github.com/rust-lang/crates.io-index"
dependencies = [
 "getrandom 0.1.12 (registry+https://github.com/rust-lang/crates.io-index)",
]

[[package]]
name = "rand_hc"
version = "0.2.0"
source = "registry+https://github.com/rust-lang/crates.io-index"
dependencies = [
 "rand_core 0.5.1 (registry+https://github.com/rust-lang/crates.io-index)",
]

[[package]]
name = "rand_os"
version = "0.1.3"
source = "registry+https://github.com/rust-lang/crates.io-index"
dependencies = [
 "cloudabi 0.0.3 (registry+https://github.com/rust-lang/crates.io-index)",
 "fuchsia-cprng 0.1.1 (registry+https://github.com/rust-lang/crates.io-index)",
 "libc 0.2.62 (registry+https://github.com/rust-lang/crates.io-index)",
 "rand_core 0.4.2 (registry+https://github.com/rust-lang/crates.io-index)",
 "rdrand 0.4.0 (registry+https://github.com/rust-lang/crates.io-index)",
 "winapi 0.3.8 (registry+https://github.com/rust-lang/crates.io-index)",
]

[[package]]
name = "rdrand"
version = "0.4.0"
source = "registry+https://github.com/rust-lang/crates.io-index"
dependencies = [
 "rand_core 0.3.1 (registry+https://github.com/rust-lang/crates.io-index)",
]

[[package]]
name = "redox_syscall"
version = "0.1.56"
source = "registry+https://github.com/rust-lang/crates.io-index"

[[package]]
name = "redox_users"
version = "0.3.1"
source = "registry+https://github.com/rust-lang/crates.io-index"
dependencies = [
 "failure 0.1.5 (registry+https://github.com/rust-lang/crates.io-index)",
 "rand_os 0.1.3 (registry+https://github.com/rust-lang/crates.io-index)",
 "redox_syscall 0.1.56 (registry+https://github.com/rust-lang/crates.io-index)",
 "rust-argon2 0.5.1 (registry+https://github.com/rust-lang/crates.io-index)",
]

[[package]]
name = "rlp"
version = "0.4.2"
source = "registry+https://github.com/rust-lang/crates.io-index"
dependencies = [
 "rustc-hex 2.0.1 (registry+https://github.com/rust-lang/crates.io-index)",
]

[[package]]
name = "rust-argon2"
version = "0.5.1"
source = "registry+https://github.com/rust-lang/crates.io-index"
dependencies = [
 "base64 0.10.1 (registry+https://github.com/rust-lang/crates.io-index)",
 "blake2b_simd 0.5.8 (registry+https://github.com/rust-lang/crates.io-index)",
 "crossbeam-utils 0.6.6 (registry+https://github.com/rust-lang/crates.io-index)",
]

[[package]]
name = "rustc-demangle"
version = "0.1.16"
source = "registry+https://github.com/rust-lang/crates.io-index"

[[package]]
name = "rustc-hex"
version = "2.0.1"
source = "registry+https://github.com/rust-lang/crates.io-index"

[[package]]
name = "ryu"
version = "1.0.0"
source = "registry+https://github.com/rust-lang/crates.io-index"

[[package]]
name = "safemem"
version = "0.3.2"
source = "registry+https://github.com/rust-lang/crates.io-index"

[[package]]
name = "secp256k1"
version = "0.15.0"
source = "registry+https://github.com/rust-lang/crates.io-index"
dependencies = [
 "cc 1.0.41 (registry+https://github.com/rust-lang/crates.io-index)",
]

[[package]]
name = "serde"
version = "1.0.101"
source = "registry+https://github.com/rust-lang/crates.io-index"
dependencies = [
 "serde_derive 1.0.101 (registry+https://github.com/rust-lang/crates.io-index)",
]

[[package]]
name = "serde_derive"
version = "1.0.101"
source = "registry+https://github.com/rust-lang/crates.io-index"
dependencies = [
 "proc-macro2 1.0.4 (registry+https://github.com/rust-lang/crates.io-index)",
 "quote 1.0.2 (registry+https://github.com/rust-lang/crates.io-index)",
 "syn 1.0.5 (registry+https://github.com/rust-lang/crates.io-index)",
]

[[package]]
name = "serde_json"
version = "1.0.40"
source = "registry+https://github.com/rust-lang/crates.io-index"
dependencies = [
 "itoa 0.4.4 (registry+https://github.com/rust-lang/crates.io-index)",
 "ryu 1.0.0 (registry+https://github.com/rust-lang/crates.io-index)",
 "serde 1.0.101 (registry+https://github.com/rust-lang/crates.io-index)",
]

[[package]]
name = "sha2"
version = "0.7.1"
source = "registry+https://github.com/rust-lang/crates.io-index"
dependencies = [
 "block-buffer 0.3.3 (registry+https://github.com/rust-lang/crates.io-index)",
 "byte-tools 0.2.0 (registry+https://github.com/rust-lang/crates.io-index)",
 "digest 0.7.6 (registry+https://github.com/rust-lang/crates.io-index)",
 "fake-simd 0.1.2 (registry+https://github.com/rust-lang/crates.io-index)",
]

[[package]]
name = "sha256"
version = "0.1.0"
source = "registry+https://github.com/rust-lang/crates.io-index"
dependencies = [
 "base64 0.9.3 (registry+https://github.com/rust-lang/crates.io-index)",
 "hmac 0.5.0 (registry+https://github.com/rust-lang/crates.io-index)",
 "sha2 0.7.1 (registry+https://github.com/rust-lang/crates.io-index)",
]

[[package]]
name = "simplelog"
version = "0.7.3"
source = "registry+https://github.com/rust-lang/crates.io-index"
dependencies = [
 "chrono 0.4.9 (registry+https://github.com/rust-lang/crates.io-index)",
 "log 0.4.8 (registry+https://github.com/rust-lang/crates.io-index)",
 "term 0.6.1 (registry+https://github.com/rust-lang/crates.io-index)",
]

[[package]]
name = "static_assertions"
version = "0.2.5"
source = "registry+https://github.com/rust-lang/crates.io-index"

[[package]]
name = "syn"
version = "0.15.44"
source = "registry+https://github.com/rust-lang/crates.io-index"
dependencies = [
 "proc-macro2 0.4.30 (registry+https://github.com/rust-lang/crates.io-index)",
 "quote 0.6.13 (registry+https://github.com/rust-lang/crates.io-index)",
 "unicode-xid 0.1.0 (registry+https://github.com/rust-lang/crates.io-index)",
]

[[package]]
name = "syn"
version = "1.0.5"
source = "registry+https://github.com/rust-lang/crates.io-index"
dependencies = [
 "proc-macro2 1.0.4 (registry+https://github.com/rust-lang/crates.io-index)",
 "quote 1.0.2 (registry+https://github.com/rust-lang/crates.io-index)",
 "unicode-xid 0.2.0 (registry+https://github.com/rust-lang/crates.io-index)",
]

[[package]]
name = "synstructure"
version = "0.10.2"
source = "registry+https://github.com/rust-lang/crates.io-index"
dependencies = [
 "proc-macro2 0.4.30 (registry+https://github.com/rust-lang/crates.io-index)",
 "quote 0.6.13 (registry+https://github.com/rust-lang/crates.io-index)",
 "syn 0.15.44 (registry+https://github.com/rust-lang/crates.io-index)",
 "unicode-xid 0.1.0 (registry+https://github.com/rust-lang/crates.io-index)",
]

[[package]]
name = "term"
version = "0.6.1"
source = "registry+https://github.com/rust-lang/crates.io-index"
dependencies = [
 "dirs 2.0.2 (registry+https://github.com/rust-lang/crates.io-index)",
 "winapi 0.3.8 (registry+https://github.com/rust-lang/crates.io-index)",
]

[[package]]
name = "time"
version = "0.1.42"
source = "registry+https://github.com/rust-lang/crates.io-index"
dependencies = [
 "libc 0.2.62 (registry+https://github.com/rust-lang/crates.io-index)",
 "redox_syscall 0.1.56 (registry+https://github.com/rust-lang/crates.io-index)",
 "winapi 0.3.8 (registry+https://github.com/rust-lang/crates.io-index)",
]

[[package]]
name = "tiny-keccak"
version = "1.5.0"
source = "registry+https://github.com/rust-lang/crates.io-index"
dependencies = [
 "crunchy 0.2.2 (registry+https://github.com/rust-lang/crates.io-index)",
]

[[package]]
name = "typenum"
version = "1.11.2"
source = "registry+https://github.com/rust-lang/crates.io-index"

[[package]]
name = "uint"
version = "0.8.1"
source = "registry+https://github.com/rust-lang/crates.io-index"
dependencies = [
 "byteorder 1.3.2 (registry+https://github.com/rust-lang/crates.io-index)",
 "crunchy 0.2.2 (registry+https://github.com/rust-lang/crates.io-index)",
 "rustc-hex 2.0.1 (registry+https://github.com/rust-lang/crates.io-index)",
]

[[package]]
name = "unicode-xid"
version = "0.1.0"
source = "registry+https://github.com/rust-lang/crates.io-index"

[[package]]
name = "unicode-xid"
version = "0.2.0"
source = "registry+https://github.com/rust-lang/crates.io-index"

[[package]]
name = "wasi"
version = "0.7.0"
source = "registry+https://github.com/rust-lang/crates.io-index"

[[package]]
name = "winapi"
version = "0.3.8"
source = "registry+https://github.com/rust-lang/crates.io-index"
dependencies = [
 "winapi-i686-pc-windows-gnu 0.4.0 (registry+https://github.com/rust-lang/crates.io-index)",
 "winapi-x86_64-pc-windows-gnu 0.4.0 (registry+https://github.com/rust-lang/crates.io-index)",
]

[[package]]
name = "winapi-i686-pc-windows-gnu"
version = "0.4.0"
source = "registry+https://github.com/rust-lang/crates.io-index"

[[package]]
name = "winapi-x86_64-pc-windows-gnu"
version = "0.4.0"
source = "registry+https://github.com/rust-lang/crates.io-index"

[metadata]
"checksum arrayref 0.3.5 (registry+https://github.com/rust-lang/crates.io-index)" = "0d382e583f07208808f6b1249e60848879ba3543f57c32277bf52d69c2f0f0ee"
"checksum arrayvec 0.4.11 (registry+https://github.com/rust-lang/crates.io-index)" = "b8d73f9beda665eaa98ab9e4f7442bd4e7de6652587de55b2525e52e29c1b0ba"
"checksum autocfg 0.1.6 (registry+https://github.com/rust-lang/crates.io-index)" = "b671c8fb71b457dd4ae18c4ba1e59aa81793daacc361d82fcd410cef0d491875"
"checksum backtrace 0.3.38 (registry+https://github.com/rust-lang/crates.io-index)" = "690a62be8920ccf773ee00ef0968649b0e724cda8bd5b12286302b4ae955fdf5"
"checksum backtrace-sys 0.1.31 (registry+https://github.com/rust-lang/crates.io-index)" = "82a830b4ef2d1124a711c71d263c5abdc710ef8e907bd508c88be475cebc422b"
"checksum base58 0.1.0 (registry+https://github.com/rust-lang/crates.io-index)" = "5024ee8015f02155eee35c711107ddd9a9bf3cb689cf2a9089c97e79b6e1ae83"
"checksum base64 0.10.1 (registry+https://github.com/rust-lang/crates.io-index)" = "0b25d992356d2eb0ed82172f5248873db5560c4721f564b13cb5193bda5e668e"
"checksum base64 0.9.3 (registry+https://github.com/rust-lang/crates.io-index)" = "489d6c0ed21b11d038c31b6ceccca973e65d73ba3bd8ecb9a2babf5546164643"
"checksum bech32 0.7.1 (registry+https://github.com/rust-lang/crates.io-index)" = "9e0089c35ab7c6f2bc55ab23f769913f0ac65b1023e7e74638a1f43128dd5df2"
"checksum bitcoin 0.21.0 (git+https://github.com/provable-things/rust-bitcoin.git?branch=provable-additions)" = "<none>"
"checksum bitcoin_hashes 0.7.0 (registry+https://github.com/rust-lang/crates.io-index)" = "5469d225a79e2c5c0ddc490550b37be07adeebb065772066bf6451cf25a54abf"
"checksum bitflags 1.2.0 (registry+https://github.com/rust-lang/crates.io-index)" = "8a606a02debe2813760609f57a64a2ffd27d9fdf5b2f133eaca0b248dd92cdd2"
"checksum bitvec 0.14.0 (registry+https://github.com/rust-lang/crates.io-index)" = "9633b74910e1870f50f5af189b08487195cdb83c0e27a71d6f64d5e09dd0538b"
"checksum blake2b_simd 0.5.8 (registry+https://github.com/rust-lang/crates.io-index)" = "5850aeee1552f495dd0250014cf64b82b7c8879a89d83b33bbdace2cc4f63182"
"checksum block-buffer 0.3.3 (registry+https://github.com/rust-lang/crates.io-index)" = "a076c298b9ecdb530ed9d967e74a6027d6a7478924520acddcddc24c1c8ab3ab"
"checksum byte-slice-cast 0.3.2 (registry+https://github.com/rust-lang/crates.io-index)" = "7cbcbf18128ec71d8d4a0d054461ec59fff5b75b7d10a4c9b7c7cb1a379c3e77"
"checksum byte-tools 0.2.0 (registry+https://github.com/rust-lang/crates.io-index)" = "560c32574a12a89ecd91f5e742165893f86e3ab98d21f8ea548658eb9eef5f40"
"checksum byteorder 1.3.2 (registry+https://github.com/rust-lang/crates.io-index)" = "a7c3dd8985a7111efc5c80b44e23ecdd8c007de8ade3b96595387e812b957cf5"
"checksum c2-chacha 0.2.2 (registry+https://github.com/rust-lang/crates.io-index)" = "7d64d04786e0f528460fc884753cf8dddcc466be308f6026f8e355c41a0e4101"
"checksum cc 1.0.41 (registry+https://github.com/rust-lang/crates.io-index)" = "8dae9c4b8fedcae85592ba623c4fd08cfdab3e3b72d6df780c6ead964a69bfff"
"checksum cfg-if 0.1.10 (registry+https://github.com/rust-lang/crates.io-index)" = "4785bdd1c96b2a846b2bd7cc02e86b6b3dbf14e7e53446c4f54c92a361040822"
"checksum chrono 0.4.9 (registry+https://github.com/rust-lang/crates.io-index)" = "e8493056968583b0193c1bb04d6f7684586f3726992d6c573261941a895dbd68"
"checksum cloudabi 0.0.3 (registry+https://github.com/rust-lang/crates.io-index)" = "ddfc5b9aa5d4507acaf872de71051dfd0e309860e88966e1051e462a077aac4f"
"checksum constant_time_eq 0.1.4 (registry+https://github.com/rust-lang/crates.io-index)" = "995a44c877f9212528ccc74b21a232f66ad69001e40ede5bcee2ac9ef2657120"
"checksum crossbeam-utils 0.6.6 (registry+https://github.com/rust-lang/crates.io-index)" = "04973fa96e96579258a5091af6003abde64af786b860f18622b82e026cca60e6"
"checksum crunchy 0.2.2 (registry+https://github.com/rust-lang/crates.io-index)" = "7a81dae078cea95a014a339291cec439d2f232ebe854a9d672b796c6afafa9b7"
"checksum crypto-mac 0.5.2 (registry+https://github.com/rust-lang/crates.io-index)" = "0999b4ff4d3446d4ddb19a63e9e00c1876e75cd7000d20e57a693b4b3f08d958"
"checksum digest 0.7.6 (registry+https://github.com/rust-lang/crates.io-index)" = "03b072242a8cbaf9c145665af9d250c59af3b958f83ed6824e13533cf76d5b90"
"checksum dirs 2.0.2 (registry+https://github.com/rust-lang/crates.io-index)" = "13aea89a5c93364a98e9b37b2fa237effbb694d5cfe01c5b70941f7eb087d5e3"
"checksum dirs-sys 0.3.4 (registry+https://github.com/rust-lang/crates.io-index)" = "afa0b23de8fd801745c471deffa6e12d248f962c9fd4b4c33787b055599bde7b"
"checksum ethbloom 0.7.0 (registry+https://github.com/rust-lang/crates.io-index)" = "bd0584482a6433370908dee84ea13992c2cf39c569600e4dbfafe520bb3b90d1"
"checksum ethereum-types 0.7.0 (registry+https://github.com/rust-lang/crates.io-index)" = "4a5a7777cb75d9ee2b8d3752634b15e4e4e70d2ef81a227e9d157acfa18592b1"
"checksum failure 0.1.5 (registry+https://github.com/rust-lang/crates.io-index)" = "795bd83d3abeb9220f257e597aa0080a508b27533824adf336529648f6abf7e2"
"checksum failure_derive 0.1.5 (registry+https://github.com/rust-lang/crates.io-index)" = "ea1063915fd7ef4309e222a5a07cf9c319fb9c7836b1f89b85458672dbb127e1"
"checksum fake-simd 0.1.2 (registry+https://github.com/rust-lang/crates.io-index)" = "e88a8acf291dafb59c2d96e8f59828f3838bb1a70398823ade51a84de6a6deed"
"checksum fixed-hash 0.4.0 (registry+https://github.com/rust-lang/crates.io-index)" = "516877b7b9a1cc2d0293cbce23cd6203f0edbfd4090e6ca4489fecb5aa73050e"
"checksum fuchsia-cprng 0.1.1 (registry+https://github.com/rust-lang/crates.io-index)" = "a06f77d526c1a601b7c4cdd98f54b5eaabffc14d5f2f0296febdc7f357c6d3ba"
"checksum generic-array 0.9.0 (registry+https://github.com/rust-lang/crates.io-index)" = "ef25c5683767570c2bbd7deba372926a55eaae9982d7726ee2a1050239d45b9d"
"checksum getrandom 0.1.12 (registry+https://github.com/rust-lang/crates.io-index)" = "473a1265acc8ff1e808cd0a1af8cee3c2ee5200916058a2ca113c29f2d903571"
"checksum hex 0.3.2 (registry+https://github.com/rust-lang/crates.io-index)" = "805026a5d0141ffc30abb3be3173848ad46a1b1664fe632428479619a3644d77"
"checksum hex 0.4.0 (registry+https://github.com/rust-lang/crates.io-index)" = "023b39be39e3a2da62a94feb433e91e8bcd37676fbc8bea371daf52b7a769a3e"
"checksum hmac 0.5.0 (registry+https://github.com/rust-lang/crates.io-index)" = "44f3bdb08579d99d7dc761c0e266f13b5f2ab8c8c703b9fc9ef333cd8f48f55e"
"checksum impl-codec 0.4.1 (registry+https://github.com/rust-lang/crates.io-index)" = "3fa0086251524c50fd53b32e7b05eb6d79e2f97221eaf0c53c0ca9c3096f21d3"
"checksum impl-rlp 0.2.0 (registry+https://github.com/rust-lang/crates.io-index)" = "f39b9963cf5f12fcc4ae4b30a6927ed67d6b4ea4cbe7d17a41131163b401303b"
"checksum impl-serde 0.2.1 (registry+https://github.com/rust-lang/crates.io-index)" = "bbb1ea6188aca47a0eaeeb330d8a82f16cd500f30b897062d23922568727333a"
"checksum itoa 0.4.4 (registry+https://github.com/rust-lang/crates.io-index)" = "501266b7edd0174f8530248f87f99c88fbe60ca4ef3dd486835b8d8d53136f7f"
"checksum lazy_static 1.4.0 (registry+https://github.com/rust-lang/crates.io-index)" = "e2abad23fbc42b3700f2f279844dc832adb2b2eb069b2df918f455c4e18cc646"
"checksum libc 0.2.62 (registry+https://github.com/rust-lang/crates.io-index)" = "34fcd2c08d2f832f376f4173a231990fa5aef4e99fb569867318a227ef4c06ba"
"checksum log 0.4.8 (registry+https://github.com/rust-lang/crates.io-index)" = "14b6052be84e6b71ab17edffc2eeabf5c2c3ae1fdb464aae35ac50c67a44e1f7"
"checksum nodrop 0.1.13 (registry+https://github.com/rust-lang/crates.io-index)" = "2f9667ddcc6cc8a43afc9b7917599d7216aa09c463919ea32c59ed6cac8bc945"
"checksum num-integer 0.1.41 (registry+https://github.com/rust-lang/crates.io-index)" = "b85e541ef8255f6cf42bbfe4ef361305c6c135d10919ecc26126c4e5ae94bc09"
"checksum num-traits 0.2.8 (registry+https://github.com/rust-lang/crates.io-index)" = "6ba9a427cfca2be13aa6f6403b0b7e7368fe982bfa16fccc450ce74c46cd9b32"
"checksum parity-scale-codec 1.0.6 (registry+https://github.com/rust-lang/crates.io-index)" = "001fbbb956d8593f321c7a784f64d16b2c99b2657823976eea729006ad2c3668"
"checksum ppv-lite86 0.2.5 (registry+https://github.com/rust-lang/crates.io-index)" = "e3cbf9f658cdb5000fcf6f362b8ea2ba154b9f146a61c7a20d647034c6b6561b"
"checksum primitive-types 0.5.1 (registry+https://github.com/rust-lang/crates.io-index)" = "83ef7b3b965c0eadcb6838f34f827e1dfb2939bdd5ebd43f9647e009b12b0371"
"checksum proc-macro2 0.4.30 (registry+https://github.com/rust-lang/crates.io-index)" = "cf3d2011ab5c909338f7887f4fc896d35932e29146c12c8d01da6b22a80ba759"
"checksum proc-macro2 1.0.4 (registry+https://github.com/rust-lang/crates.io-index)" = "afdc77cc74ec70ed262262942ebb7dac3d479e9e5cfa2da1841c0806f6cdabcc"
"checksum quote 0.6.13 (registry+https://github.com/rust-lang/crates.io-index)" = "6ce23b6b870e8f94f81fb0a363d65d86675884b34a09043c81e5562f11c1f8e1"
"checksum quote 1.0.2 (registry+https://github.com/rust-lang/crates.io-index)" = "053a8c8bcc71fcce321828dc897a98ab9760bef03a4fc36693c231e5b3216cfe"
"checksum rand 0.5.6 (registry+https://github.com/rust-lang/crates.io-index)" = "c618c47cd3ebd209790115ab837de41425723956ad3ce2e6a7f09890947cacb9"
"checksum rand 0.7.2 (registry+https://github.com/rust-lang/crates.io-index)" = "3ae1b169243eaf61759b8475a998f0a385e42042370f3a7dbaf35246eacc8412"
"checksum rand_chacha 0.2.1 (registry+https://github.com/rust-lang/crates.io-index)" = "03a2a90da8c7523f554344f921aa97283eadf6ac484a6d2a7d0212fa7f8d6853"
"checksum rand_core 0.3.1 (registry+https://github.com/rust-lang/crates.io-index)" = "7a6fdeb83b075e8266dcc8762c22776f6877a63111121f5f8c7411e5be7eed4b"
"checksum rand_core 0.4.2 (registry+https://github.com/rust-lang/crates.io-index)" = "9c33a3c44ca05fa6f1807d8e6743f3824e8509beca625669633be0acbdf509dc"
"checksum rand_core 0.5.1 (registry+https://github.com/rust-lang/crates.io-index)" = "90bde5296fc891b0cef12a6d03ddccc162ce7b2aff54160af9338f8d40df6d19"
"checksum rand_hc 0.2.0 (registry+https://github.com/rust-lang/crates.io-index)" = "ca3129af7b92a17112d59ad498c6f81eaf463253766b90396d39ea7a39d6613c"
"checksum rand_os 0.1.3 (registry+https://github.com/rust-lang/crates.io-index)" = "7b75f676a1e053fc562eafbb47838d67c84801e38fc1ba459e8f180deabd5071"
"checksum rdrand 0.4.0 (registry+https://github.com/rust-lang/crates.io-index)" = "678054eb77286b51581ba43620cc911abf02758c91f93f479767aed0f90458b2"
"checksum redox_syscall 0.1.56 (registry+https://github.com/rust-lang/crates.io-index)" = "2439c63f3f6139d1b57529d16bc3b8bb855230c8efcc5d3a896c8bea7c3b1e84"
"checksum redox_users 0.3.1 (registry+https://github.com/rust-lang/crates.io-index)" = "4ecedbca3bf205f8d8f5c2b44d83cd0690e39ee84b951ed649e9f1841132b66d"
"checksum rlp 0.4.2 (registry+https://github.com/rust-lang/crates.io-index)" = "fa2f7f9c612d133da9101ef7bcd3e603ca7098901eca852e71f87a83dd3e6b59"
"checksum rust-argon2 0.5.1 (registry+https://github.com/rust-lang/crates.io-index)" = "4ca4eaef519b494d1f2848fc602d18816fed808a981aedf4f1f00ceb7c9d32cf"
"checksum rustc-demangle 0.1.16 (registry+https://github.com/rust-lang/crates.io-index)" = "4c691c0e608126e00913e33f0ccf3727d5fc84573623b8d65b2df340b5201783"
"checksum rustc-hex 2.0.1 (registry+https://github.com/rust-lang/crates.io-index)" = "403bb3a286107a04825a5f82e1270acc1e14028d3d554d7a1e08914549575ab8"
"checksum ryu 1.0.0 (registry+https://github.com/rust-lang/crates.io-index)" = "c92464b447c0ee8c4fb3824ecc8383b81717b9f1e74ba2e72540aef7b9f82997"
"checksum safemem 0.3.2 (registry+https://github.com/rust-lang/crates.io-index)" = "d2b08423011dae9a5ca23f07cf57dac3857f5c885d352b76f6d95f4aea9434d0"
"checksum secp256k1 0.15.0 (registry+https://github.com/rust-lang/crates.io-index)" = "e0344a794ff109f85547039536028e12f313178ac1545e49fdf16a530d900a7b"
"checksum serde 1.0.101 (registry+https://github.com/rust-lang/crates.io-index)" = "9796c9b7ba2ffe7a9ce53c2287dfc48080f4b2b362fcc245a259b3a7201119dd"
"checksum serde_derive 1.0.101 (registry+https://github.com/rust-lang/crates.io-index)" = "4b133a43a1ecd55d4086bd5b4dc6c1751c68b1bfbeba7a5040442022c7e7c02e"
"checksum serde_json 1.0.40 (registry+https://github.com/rust-lang/crates.io-index)" = "051c49229f282f7c6f3813f8286cc1e3323e8051823fce42c7ea80fe13521704"
"checksum sha2 0.7.1 (registry+https://github.com/rust-lang/crates.io-index)" = "9eb6be24e4c23a84d7184280d2722f7f2731fcdd4a9d886efbfe4413e4847ea0"
"checksum sha256 0.1.0 (registry+https://github.com/rust-lang/crates.io-index)" = "f2bae20a9335afca50953f4048999f13cfa01af10d11a1cf4cab70cd9f8d425e"
"checksum simplelog 0.7.3 (registry+https://github.com/rust-lang/crates.io-index)" = "2b6e1abbebfa1e8e010dd97fae39622173374ec93ff0e05b88123f7d927514b6"
"checksum static_assertions 0.2.5 (registry+https://github.com/rust-lang/crates.io-index)" = "c19be23126415861cb3a23e501d34a708f7f9b2183c5252d690941c2e69199d5"
"checksum syn 0.15.44 (registry+https://github.com/rust-lang/crates.io-index)" = "9ca4b3b69a77cbe1ffc9e198781b7acb0c7365a883670e8f1c1bc66fba79a5c5"
"checksum syn 1.0.5 (registry+https://github.com/rust-lang/crates.io-index)" = "66850e97125af79138385e9b88339cbcd037e3f28ceab8c5ad98e64f0f1f80bf"
"checksum synstructure 0.10.2 (registry+https://github.com/rust-lang/crates.io-index)" = "02353edf96d6e4dc81aea2d8490a7e9db177bf8acb0e951c24940bf866cb313f"
"checksum term 0.6.1 (registry+https://github.com/rust-lang/crates.io-index)" = "c0863a3345e70f61d613eab32ee046ccd1bcc5f9105fe402c61fcd0c13eeb8b5"
"checksum time 0.1.42 (registry+https://github.com/rust-lang/crates.io-index)" = "db8dcfca086c1143c9270ac42a2bbd8a7ee477b78ac8e45b19abfb0cbede4b6f"
"checksum tiny-keccak 1.5.0 (registry+https://github.com/rust-lang/crates.io-index)" = "1d8a021c69bb74a44ccedb824a046447e2c84a01df9e5c20779750acb38e11b2"
"checksum typenum 1.11.2 (registry+https://github.com/rust-lang/crates.io-index)" = "6d2783fe2d6b8c1101136184eb41be8b1ad379e4657050b8aaff0c79ee7575f9"
"checksum uint 0.8.1 (registry+https://github.com/rust-lang/crates.io-index)" = "f8f0f47ed099f0db671ce82c66548c5de012e3c0cba3963514d1db15c7588701"
"checksum unicode-xid 0.1.0 (registry+https://github.com/rust-lang/crates.io-index)" = "fc72304796d0818e357ead4e000d19c9c174ab23dc11093ac919054d20a6a7fc"
"checksum unicode-xid 0.2.0 (registry+https://github.com/rust-lang/crates.io-index)" = "826e7639553986605ec5979c7dd957c7895e93eabed50ab2ffa7f6128a75097c"
"checksum wasi 0.7.0 (registry+https://github.com/rust-lang/crates.io-index)" = "b89c3ce4ce14bdc6fb6beaf9ec7928ca331de5df7e5ea278375642a2f478570d"
"checksum winapi 0.3.8 (registry+https://github.com/rust-lang/crates.io-index)" = "8093091eeb260906a183e6ae1abdba2ef5ef2257a21801128899c3fc699229c6"
"checksum winapi-i686-pc-windows-gnu 0.4.0 (registry+https://github.com/rust-lang/crates.io-index)" = "ac3b87c63620426dd9b991e5ce0329eff545bccbbb34f3be09ff6fb6ab51b7b6"
"checksum winapi-x86_64-pc-windows-gnu 0.4.0 (registry+https://github.com/rust-lang/crates.io-index)" = "712e227841d057c1ee1cd2fb22fa7e5a5461ae8e48fa2ca79ec42cfc1931183f"
